{
  "version": 4,
  "terraform_version": "1.1.2",
  "serial": 145,
  "lineage": "6fa5f66f-27cc-d2b0-a529-9116eb8ece7c",
  "outputs": {
    "Subnet_address1": {
      "value": [
        "10.0.1.0/24"
      ],
      "type": [
        "list",
        "string"
      ]
    },
    "Subnet_address2": {
      "value": [
        "10.0.2.0/24"
      ],
      "type": [
        "list",
        "string"
      ]
    },
    "Subnet_name1": {
      "value": "network-subnet01",
      "type": "string"
    },
    "Subnet_name2": {
      "value": "network-subnet02",
      "type": "string"
    },
    "Virtual_network_name": {
      "value": "network-vnet",
      "type": "string"
    },
    "address_space": {
      "value": [
        "10.0.0.0/16"
      ],
      "type": [
        "list",
        "string"
      ]
    },
    "windows_hostname": {
      "value": [
        "lab-web-w-vm1",
        "lab-web-w-vm2"
      ],
      "type": [
        "tuple",
        [
          "string",
          "string"
        ]
      ]
    },
    "windows_private_ip_addresses": {
      "value": [
        "10.0.2.4",
        "10.0.2.5"
      ],
      "type": [
        "tuple",
        [
          "string",
          "string"
        ]
      ]
    },
    "windows_public_ip_addresses": {
      "value": [
        [
          "52.229.79.239"
        ],
        [
          "40.86.246.44"
        ]
      ],
      "type": [
        "tuple",
        [
          [
            "list",
            "string"
          ],
          [
            "list",
            "string"
          ]
        ]
      ]
    }
  },
  "resources": [
    {
      "mode": "managed",
      "type": "azurerm_availability_set",
      "name": "windows_avs",
      "provider": "provider[\"registry.terraform.io/hashicorp/azurerm\"]",
      "instances": [
        {
          "schema_version": 0,
          "attributes": {
            "id": "/subscriptions/18821dae-fb44-44a1-805a-e1edd2ef9b06/resourceGroups/terraformrg/providers/Microsoft.Compute/availabilitySets/windows_avs",
            "location": "canadaeast",
            "managed": true,
            "name": "windows_avs",
            "platform_fault_domain_count": 2,
            "platform_update_domain_count": 5,
            "proximity_placement_group_id": null,
            "resource_group_name": "terraformrg",
            "tags": {},
            "timeouts": null
          },
          "sensitive_attributes": [],
          "private": "eyJlMmJmYjczMC1lY2FhLTExZTYtOGY4OC0zNDM2M2JjN2M0YzAiOnsiY3JlYXRlIjoxODAwMDAwMDAwMDAwLCJkZWxldGUiOjE4MDAwMDAwMDAwMDAsInJlYWQiOjMwMDAwMDAwMDAwMCwidXBkYXRlIjoxODAwMDAwMDAwMDAwfX0="
        }
      ]
    },
    {
      "mode": "managed",
      "type": "azurerm_network_interface",
      "name": "linux_nic",
      "provider": "provider[\"registry.terraform.io/hashicorp/azurerm\"]",
      "instances": [
        {
          "index_key": "lab-web-w-vm1",
          "schema_version": 0,
          "attributes": {
            "applied_dns_servers": [],
            "dns_servers": [],
            "enable_accelerated_networking": false,
            "enable_ip_forwarding": false,
            "id": "/subscriptions/18821dae-fb44-44a1-805a-e1edd2ef9b06/resourceGroups/terraformrg/providers/Microsoft.Network/networkInterfaces/lab-web-w-vm1-nic",
            "internal_dns_name_label": "",
            "internal_domain_name_suffix": "gj1awfbcfiwuhknutsa5cy3nsf.vx.internal.cloudapp.net",
            "ip_configuration": [
              {
                "gateway_load_balancer_frontend_ip_configuration_id": "",
                "name": "lab-web-w-vm1-ipconfig1",
                "primary": true,
                "private_ip_address": "10.0.2.4",
                "private_ip_address_allocation": "Dynamic",
                "private_ip_address_version": "IPv4",
                "public_ip_address_id": "/subscriptions/18821dae-fb44-44a1-805a-e1edd2ef9b06/resourceGroups/terraformrg/providers/Microsoft.Network/publicIPAddresses/lab-web-w-vm1-pip",
                "subnet_id": "/subscriptions/18821dae-fb44-44a1-805a-e1edd2ef9b06/resourceGroups/terraformrg/providers/Microsoft.Network/virtualNetworks/network-vnet/subnets/network-subnet02"
              }
            ],
            "location": "canadaeast",
            "mac_address": "",
            "name": "lab-web-w-vm1-nic",
            "private_ip_address": "10.0.2.4",
            "private_ip_addresses": [
              "10.0.2.4"
            ],
            "resource_group_name": "terraformrg",
            "tags": {
              "ContactEmail": "n01516507@humber.ca",
              "Environment": "Lab",
              "Name": "Terraform-Class",
              "project": "Learing"
            },
            "timeouts": null,
            "virtual_machine_id": ""
          },
          "sensitive_attributes": [],
          "private": "eyJlMmJmYjczMC1lY2FhLTExZTYtOGY4OC0zNDM2M2JjN2M0YzAiOnsiY3JlYXRlIjoxODAwMDAwMDAwMDAwLCJkZWxldGUiOjE4MDAwMDAwMDAwMDAsInJlYWQiOjMwMDAwMDAwMDAwMCwidXBkYXRlIjoxODAwMDAwMDAwMDAwfX0=",
          "dependencies": [
            "azurerm_network_security_group.nsg",
            "azurerm_public_ip.linux_pip",
            "azurerm_resource_group.rg2",
            "azurerm_subnet.subnet",
            "azurerm_subnet.subnet2",
            "azurerm_subnet_network_security_group_association.subnet_association",
            "azurerm_virtual_network.vnet"
          ]
        },
        {
          "index_key": "lab-web-w-vm2",
          "schema_version": 0,
          "attributes": {
            "applied_dns_servers": [],
            "dns_servers": [],
            "enable_accelerated_networking": false,
            "enable_ip_forwarding": false,
            "id": "/subscriptions/18821dae-fb44-44a1-805a-e1edd2ef9b06/resourceGroups/terraformrg/providers/Microsoft.Network/networkInterfaces/lab-web-w-vm2-nic",
            "internal_dns_name_label": "",
            "internal_domain_name_suffix": "gj1awfbcfiwuhknutsa5cy3nsf.vx.internal.cloudapp.net",
            "ip_configuration": [
              {
                "gateway_load_balancer_frontend_ip_configuration_id": "",
                "name": "lab-web-w-vm2-ipconfig1",
                "primary": true,
                "private_ip_address": "10.0.2.5",
                "private_ip_address_allocation": "Dynamic",
                "private_ip_address_version": "IPv4",
                "public_ip_address_id": "/subscriptions/18821dae-fb44-44a1-805a-e1edd2ef9b06/resourceGroups/terraformrg/providers/Microsoft.Network/publicIPAddresses/lab-web-w-vm2-pip",
                "subnet_id": "/subscriptions/18821dae-fb44-44a1-805a-e1edd2ef9b06/resourceGroups/terraformrg/providers/Microsoft.Network/virtualNetworks/network-vnet/subnets/network-subnet02"
              }
            ],
            "location": "canadaeast",
            "mac_address": "",
            "name": "lab-web-w-vm2-nic",
            "private_ip_address": "10.0.2.5",
            "private_ip_addresses": [
              "10.0.2.5"
            ],
            "resource_group_name": "terraformrg",
            "tags": {
              "ContactEmail": "n01516507@humber.ca",
              "Environment": "Lab",
              "Name": "Terraform-Class",
              "project": "Learing"
            },
            "timeouts": null,
            "virtual_machine_id": ""
          },
          "sensitive_attributes": [],
          "private": "eyJlMmJmYjczMC1lY2FhLTExZTYtOGY4OC0zNDM2M2JjN2M0YzAiOnsiY3JlYXRlIjoxODAwMDAwMDAwMDAwLCJkZWxldGUiOjE4MDAwMDAwMDAwMDAsInJlYWQiOjMwMDAwMDAwMDAwMCwidXBkYXRlIjoxODAwMDAwMDAwMDAwfX0=",
          "dependencies": [
            "azurerm_network_security_group.nsg",
            "azurerm_public_ip.linux_pip",
            "azurerm_resource_group.rg2",
            "azurerm_subnet.subnet",
            "azurerm_subnet.subnet2",
            "azurerm_subnet_network_security_group_association.subnet_association",
            "azurerm_virtual_network.vnet"
          ]
        }
      ]
    },
    {
      "mode": "managed",
      "type": "azurerm_network_security_group",
      "name": "nsg",
      "provider": "provider[\"registry.terraform.io/hashicorp/azurerm\"]",
      "instances": [
        {
          "schema_version": 0,
          "attributes": {
            "id": "/subscriptions/18821dae-fb44-44a1-805a-e1edd2ef9b06/resourceGroups/terraformrg/providers/Microsoft.Network/networkSecurityGroups/Network-nsg1",
            "location": "canadaeast",
            "name": "Network-nsg1",
            "resource_group_name": "terraformrg",
            "security_rule": [
              {
                "access": "Allow",
                "description": "",
                "destination_address_prefix": "*",
                "destination_address_prefixes": [],
                "destination_application_security_group_ids": [],
                "destination_port_range": "22",
                "destination_port_ranges": [],
                "direction": "inbound",
                "name": "rule1",
                "priority": 100,
                "protocol": "Tcp",
                "source_address_prefix": "*",
                "source_address_prefixes": [],
                "source_application_security_group_ids": [],
                "source_port_range": "*",
                "source_port_ranges": []
              }
            ],
            "tags": {},
            "timeouts": null
          },
          "sensitive_attributes": [],
          "private": "eyJlMmJmYjczMC1lY2FhLTExZTYtOGY4OC0zNDM2M2JjN2M0YzAiOnsiY3JlYXRlIjoxODAwMDAwMDAwMDAwLCJkZWxldGUiOjE4MDAwMDAwMDAwMDAsInJlYWQiOjMwMDAwMDAwMDAwMCwidXBkYXRlIjoxODAwMDAwMDAwMDAwfX0=",
          "dependencies": [
            "azurerm_resource_group.rg2"
          ]
        }
      ]
    },
    {
      "mode": "managed",
      "type": "azurerm_network_security_group",
      "name": "nsg2",
      "provider": "provider[\"registry.terraform.io/hashicorp/azurerm\"]",
      "instances": [
        {
          "schema_version": 0,
          "attributes": {
            "id": "/subscriptions/18821dae-fb44-44a1-805a-e1edd2ef9b06/resourceGroups/terraformrg/providers/Microsoft.Network/networkSecurityGroups/Network-nsg2",
            "location": "canadaeast",
            "name": "Network-nsg2",
            "resource_group_name": "terraformrg",
            "security_rule": [
              {
                "access": "Allow",
                "description": "",
                "destination_address_prefix": "*",
                "destination_address_prefixes": [],
                "destination_application_security_group_ids": [],
                "destination_port_range": "3389",
                "destination_port_ranges": [],
                "direction": "inbound",
                "name": "rule1",
                "priority": 100,
                "protocol": "Tcp",
                "source_address_prefix": "*",
                "source_address_prefixes": [],
                "source_application_security_group_ids": [],
                "source_port_range": "*",
                "source_port_ranges": []
              },
              {
                "access": "Allow",
                "description": "",
                "destination_address_prefix": "*",
                "destination_address_prefixes": [],
                "destination_application_security_group_ids": [],
                "destination_port_range": "5985",
                "destination_port_ranges": [],
                "direction": "inbound",
                "name": "rule2",
                "priority": 200,
                "protocol": "Tcp",
                "source_address_prefix": "*",
                "source_address_prefixes": [],
                "source_application_security_group_ids": [],
                "source_port_range": "*",
                "source_port_ranges": []
              }
            ],
            "tags": {},
            "timeouts": null
          },
          "sensitive_attributes": [],
          "private": "eyJlMmJmYjczMC1lY2FhLTExZTYtOGY4OC0zNDM2M2JjN2M0YzAiOnsiY3JlYXRlIjoxODAwMDAwMDAwMDAwLCJkZWxldGUiOjE4MDAwMDAwMDAwMDAsInJlYWQiOjMwMDAwMDAwMDAwMCwidXBkYXRlIjoxODAwMDAwMDAwMDAwfX0=",
          "dependencies": [
            "azurerm_resource_group.rg2"
          ]
        }
      ]
    },
    {
      "mode": "managed",
      "type": "azurerm_public_ip",
      "name": "linux_pip",
      "provider": "provider[\"registry.terraform.io/hashicorp/azurerm\"]",
      "instances": [
        {
          "index_key": "lab-web-w-vm1",
          "schema_version": 0,
          "attributes": {
            "allocation_method": "Dynamic",
            "availability_zone": "No-Zone",
            "domain_name_label": null,
            "fqdn": null,
            "id": "/subscriptions/18821dae-fb44-44a1-805a-e1edd2ef9b06/resourceGroups/terraformrg/providers/Microsoft.Network/publicIPAddresses/lab-web-w-vm1-pip",
            "idle_timeout_in_minutes": 4,
            "ip_address": "",
            "ip_tags": {},
            "ip_version": "IPv4",
            "location": "canadaeast",
            "name": "lab-web-w-vm1-pip",
            "public_ip_prefix_id": null,
            "resource_group_name": "terraformrg",
            "reverse_fqdn": null,
            "sku": "Basic",
            "sku_tier": "Regional",
            "tags": {
              "ContactEmail": "n01516507@humber.ca",
              "Environment": "Lab",
              "Name": "Terraform-Class",
              "project": "Learing"
            },
            "timeouts": null,
            "zones": []
          },
          "sensitive_attributes": [],
          "private": "eyJlMmJmYjczMC1lY2FhLTExZTYtOGY4OC0zNDM2M2JjN2M0YzAiOnsiY3JlYXRlIjoxODAwMDAwMDAwMDAwLCJkZWxldGUiOjE4MDAwMDAwMDAwMDAsInJlYWQiOjMwMDAwMDAwMDAwMCwidXBkYXRlIjoxODAwMDAwMDAwMDAwfX0=",
          "dependencies": [
            "azurerm_resource_group.rg2"
          ]
        },
        {
          "index_key": "lab-web-w-vm2",
          "schema_version": 0,
          "attributes": {
            "allocation_method": "Dynamic",
            "availability_zone": "No-Zone",
            "domain_name_label": null,
            "fqdn": null,
            "id": "/subscriptions/18821dae-fb44-44a1-805a-e1edd2ef9b06/resourceGroups/terraformrg/providers/Microsoft.Network/publicIPAddresses/lab-web-w-vm2-pip",
            "idle_timeout_in_minutes": 4,
            "ip_address": "",
            "ip_tags": {},
            "ip_version": "IPv4",
            "location": "canadaeast",
            "name": "lab-web-w-vm2-pip",
            "public_ip_prefix_id": null,
            "resource_group_name": "terraformrg",
            "reverse_fqdn": null,
            "sku": "Basic",
            "sku_tier": "Regional",
            "tags": {
              "ContactEmail": "n01516507@humber.ca",
              "Environment": "Lab",
              "Name": "Terraform-Class",
              "project": "Learing"
            },
            "timeouts": null,
            "zones": []
          },
          "sensitive_attributes": [],
          "private": "eyJlMmJmYjczMC1lY2FhLTExZTYtOGY4OC0zNDM2M2JjN2M0YzAiOnsiY3JlYXRlIjoxODAwMDAwMDAwMDAwLCJkZWxldGUiOjE4MDAwMDAwMDAwMDAsInJlYWQiOjMwMDAwMDAwMDAwMCwidXBkYXRlIjoxODAwMDAwMDAwMDAwfX0=",
          "dependencies": [
            "azurerm_resource_group.rg2"
          ]
        }
      ]
    },
    {
      "mode": "managed",
      "type": "azurerm_resource_group",
      "name": "rg2",
      "provider": "provider[\"registry.terraform.io/hashicorp/azurerm\"]",
      "instances": [
        {
          "schema_version": 0,
          "attributes": {
            "id": "/subscriptions/18821dae-fb44-44a1-805a-e1edd2ef9b06/resourceGroups/terraformrg",
            "location": "canadaeast",
            "name": "terraformrg",
            "tags": {},
            "timeouts": null
          },
          "sensitive_attributes": [],
          "private": "eyJlMmJmYjczMC1lY2FhLTExZTYtOGY4OC0zNDM2M2JjN2M0YzAiOnsiY3JlYXRlIjo1NDAwMDAwMDAwMDAwLCJkZWxldGUiOjU0MDAwMDAwMDAwMDAsInJlYWQiOjMwMDAwMDAwMDAwMCwidXBkYXRlIjo1NDAwMDAwMDAwMDAwfX0="
        }
      ]
    },
    {
      "mode": "managed",
      "type": "azurerm_subnet",
      "name": "subnet",
      "provider": "provider[\"registry.terraform.io/hashicorp/azurerm\"]",
      "instances": [
        {
          "schema_version": 0,
          "attributes": {
            "address_prefix": "10.0.1.0/24",
            "address_prefixes": [
              "10.0.1.0/24"
            ],
            "delegation": [],
            "enforce_private_link_endpoint_network_policies": false,
            "enforce_private_link_service_network_policies": false,
            "id": "/subscriptions/18821dae-fb44-44a1-805a-e1edd2ef9b06/resourceGroups/terraformrg/providers/Microsoft.Network/virtualNetworks/network-vnet/subnets/network-subnet01",
            "name": "network-subnet01",
            "resource_group_name": "terraformrg",
            "service_endpoint_policy_ids": [],
            "service_endpoints": [],
            "timeouts": null,
            "virtual_network_name": "network-vnet"
          },
          "sensitive_attributes": [],
          "private": "eyJlMmJmYjczMC1lY2FhLTExZTYtOGY4OC0zNDM2M2JjN2M0YzAiOnsiY3JlYXRlIjoxODAwMDAwMDAwMDAwLCJkZWxldGUiOjE4MDAwMDAwMDAwMDAsInJlYWQiOjMwMDAwMDAwMDAwMCwidXBkYXRlIjoxODAwMDAwMDAwMDAwfX0=",
          "dependencies": [
            "azurerm_virtual_network.vnet"
          ]
        }
      ]
    },
    {
      "mode": "managed",
      "type": "azurerm_subnet",
      "name": "subnet2",
      "provider": "provider[\"registry.terraform.io/hashicorp/azurerm\"]",
      "instances": [
        {
          "schema_version": 0,
          "attributes": {
            "address_prefix": "10.0.2.0/24",
            "address_prefixes": [
              "10.0.2.0/24"
            ],
            "delegation": [],
            "enforce_private_link_endpoint_network_policies": false,
            "enforce_private_link_service_network_policies": false,
            "id": "/subscriptions/18821dae-fb44-44a1-805a-e1edd2ef9b06/resourceGroups/terraformrg/providers/Microsoft.Network/virtualNetworks/network-vnet/subnets/network-subnet02",
            "name": "network-subnet02",
            "resource_group_name": "terraformrg",
            "service_endpoint_policy_ids": [],
            "service_endpoints": [],
            "timeouts": null,
            "virtual_network_name": "network-vnet"
          },
          "sensitive_attributes": [],
          "private": "eyJlMmJmYjczMC1lY2FhLTExZTYtOGY4OC0zNDM2M2JjN2M0YzAiOnsiY3JlYXRlIjoxODAwMDAwMDAwMDAwLCJkZWxldGUiOjE4MDAwMDAwMDAwMDAsInJlYWQiOjMwMDAwMDAwMDAwMCwidXBkYXRlIjoxODAwMDAwMDAwMDAwfX0=",
          "dependencies": [
            "azurerm_virtual_network.vnet"
          ]
        }
      ]
    },
    {
      "mode": "managed",
      "type": "azurerm_subnet_network_security_group_association",
      "name": "subnet_association",
      "provider": "provider[\"registry.terraform.io/hashicorp/azurerm\"]",
      "instances": [
        {
          "schema_version": 0,
          "attributes": {
            "id": "/subscriptions/18821dae-fb44-44a1-805a-e1edd2ef9b06/resourceGroups/terraformrg/providers/Microsoft.Network/virtualNetworks/network-vnet/subnets/network-subnet01",
            "network_security_group_id": "/subscriptions/18821dae-fb44-44a1-805a-e1edd2ef9b06/resourceGroups/terraformrg/providers/Microsoft.Network/networkSecurityGroups/Network-nsg1",
            "subnet_id": "/subscriptions/18821dae-fb44-44a1-805a-e1edd2ef9b06/resourceGroups/terraformrg/providers/Microsoft.Network/virtualNetworks/network-vnet/subnets/network-subnet01",
            "timeouts": null
          },
          "sensitive_attributes": [],
          "private": "eyJlMmJmYjczMC1lY2FhLTExZTYtOGY4OC0zNDM2M2JjN2M0YzAiOnsiY3JlYXRlIjoxODAwMDAwMDAwMDAwLCJkZWxldGUiOjE4MDAwMDAwMDAwMDAsInJlYWQiOjMwMDAwMDAwMDAwMCwidXBkYXRlIjoxODAwMDAwMDAwMDAwfX0=",
          "dependencies": [
            "azurerm_network_security_group.nsg",
            "azurerm_resource_group.rg2",
            "azurerm_subnet.subnet",
            "azurerm_virtual_network.vnet"
          ]
        }
      ]
    },
    {
      "mode": "managed",
      "type": "azurerm_subnet_network_security_group_association",
      "name": "subnet_association2",
      "provider": "provider[\"registry.terraform.io/hashicorp/azurerm\"]",
      "instances": [
        {
          "schema_version": 0,
          "attributes": {
            "id": "/subscriptions/18821dae-fb44-44a1-805a-e1edd2ef9b06/resourceGroups/terraformrg/providers/Microsoft.Network/virtualNetworks/network-vnet/subnets/network-subnet02",
            "network_security_group_id": "/subscriptions/18821dae-fb44-44a1-805a-e1edd2ef9b06/resourceGroups/terraformrg/providers/Microsoft.Network/networkSecurityGroups/Network-nsg2",
            "subnet_id": "/subscriptions/18821dae-fb44-44a1-805a-e1edd2ef9b06/resourceGroups/terraformrg/providers/Microsoft.Network/virtualNetworks/network-vnet/subnets/network-subnet02",
            "timeouts": null
          },
          "sensitive_attributes": [],
          "private": "eyJlMmJmYjczMC1lY2FhLTExZTYtOGY4OC0zNDM2M2JjN2M0YzAiOnsiY3JlYXRlIjoxODAwMDAwMDAwMDAwLCJkZWxldGUiOjE4MDAwMDAwMDAwMDAsInJlYWQiOjMwMDAwMDAwMDAwMCwidXBkYXRlIjoxODAwMDAwMDAwMDAwfX0=",
          "dependencies": [
            "azurerm_network_security_group.nsg2",
            "azurerm_resource_group.rg2",
            "azurerm_subnet.subnet2",
            "azurerm_virtual_network.vnet"
          ]
        }
      ]
    },
    {
      "mode": "managed",
      "type": "azurerm_virtual_network",
      "name": "vnet",
      "provider": "provider[\"registry.terraform.io/hashicorp/azurerm\"]",
      "instances": [
        {
          "schema_version": 0,
          "attributes": {
            "address_space": [
              "10.0.0.0/16"
            ],
            "bgp_community": "",
            "ddos_protection_plan": [],
            "dns_servers": [],
            "flow_timeout_in_minutes": 0,
            "guid": "140b7632-2a22-432d-a9b4-9c81f163ad95",
            "id": "/subscriptions/18821dae-fb44-44a1-805a-e1edd2ef9b06/resourceGroups/terraformrg/providers/Microsoft.Network/virtualNetworks/network-vnet",
            "location": "canadaeast",
            "name": "network-vnet",
            "resource_group_name": "terraformrg",
            "subnet": [
              {
                "address_prefix": "10.0.1.0/24",
                "id": "/subscriptions/18821dae-fb44-44a1-805a-e1edd2ef9b06/resourceGroups/terraformrg/providers/Microsoft.Network/virtualNetworks/network-vnet/subnets/network-subnet01",
                "name": "network-subnet01",
                "security_group": "/subscriptions/18821dae-fb44-44a1-805a-e1edd2ef9b06/resourceGroups/terraformrg/providers/Microsoft.Network/networkSecurityGroups/Network-nsg1"
              },
              {
                "address_prefix": "10.0.2.0/24",
                "id": "/subscriptions/18821dae-fb44-44a1-805a-e1edd2ef9b06/resourceGroups/terraformrg/providers/Microsoft.Network/virtualNetworks/network-vnet/subnets/network-subnet02",
                "name": "network-subnet02",
                "security_group": "/subscriptions/18821dae-fb44-44a1-805a-e1edd2ef9b06/resourceGroups/terraformrg/providers/Microsoft.Network/networkSecurityGroups/Network-nsg2"
              }
            ],
            "tags": {},
            "timeouts": null,
            "vm_protection_enabled": false
          },
          "sensitive_attributes": [],
          "private": "eyJlMmJmYjczMC1lY2FhLTExZTYtOGY4OC0zNDM2M2JjN2M0YzAiOnsiY3JlYXRlIjoxODAwMDAwMDAwMDAwLCJkZWxldGUiOjE4MDAwMDAwMDAwMDAsInJlYWQiOjMwMDAwMDAwMDAwMCwidXBkYXRlIjoxODAwMDAwMDAwMDAwfX0="
        }
      ]
    },
    {
      "mode": "managed",
      "type": "azurerm_windows_virtual_machine",
      "name": "vmWin",
      "provider": "provider[\"registry.terraform.io/hashicorp/azurerm\"]",
      "instances": [
        {
          "index_key": "lab-web-w-vm1",
          "schema_version": 0,
          "attributes": {
            "additional_capabilities": [],
            "additional_unattend_content": [],
            "admin_password": "Password1010",
            "admin_username": "n01516507",
            "allow_extension_operations": true,
            "availability_set_id": "/subscriptions/18821dae-fb44-44a1-805a-e1edd2ef9b06/resourceGroups/terraformrg/providers/Microsoft.Compute/availabilitySets/WINDOWS_AVS",
            "boot_diagnostics": [],
            "computer_name": "lab-web-w-vm1",
            "custom_data": null,
            "dedicated_host_id": "",
            "enable_automatic_updates": true,
            "encryption_at_host_enabled": false,
            "eviction_policy": "",
            "extensions_time_budget": "PT1H30M",
            "id": "/subscriptions/18821dae-fb44-44a1-805a-e1edd2ef9b06/resourceGroups/terraformrg/providers/Microsoft.Compute/virtualMachines/lab-web-w-vm1",
            "identity": [],
            "license_type": "",
            "location": "canadaeast",
            "max_bid_price": -1,
            "name": "lab-web-w-vm1",
            "network_interface_ids": [
              "/subscriptions/18821dae-fb44-44a1-805a-e1edd2ef9b06/resourceGroups/terraformrg/providers/Microsoft.Network/networkInterfaces/lab-web-w-vm1-nic"
            ],
            "os_disk": [
              {
                "caching": "ReadWrite",
                "diff_disk_settings": [],
                "disk_encryption_set_id": "",
                "disk_size_gb": 127,
                "name": "lab-web-w-vm1-os-disk",
                "storage_account_type": "StandardSSD_LRS",
                "write_accelerator_enabled": false
              }
            ],
            "patch_mode": "AutomaticByOS",
            "plan": [],
            "platform_fault_domain": -1,
            "priority": "Regular",
            "private_ip_address": "10.0.2.4",
            "private_ip_addresses": [
              "10.0.2.4"
            ],
            "provision_vm_agent": true,
            "proximity_placement_group_id": "",
            "public_ip_address": "52.229.79.239",
            "public_ip_addresses": [
              "52.229.79.239"
            ],
            "resource_group_name": "terraformrg",
            "secret": [],
            "secure_boot_enabled": false,
            "size": "Standard_B1s",
            "source_image_id": "",
            "source_image_reference": [
              {
                "offer": "WindowsServer",
                "publisher": "MicrosoftWindowsServer",
                "sku": "2016-Datacenter",
                "version": "latest"
              }
            ],
            "tags": {
              "ContactEmail": "n01516507@humber.ca",
              "Environment": "Lab",
              "Name": "Terraform-Class",
              "project": "Learing"
            },
            "timeouts": null,
            "timezone": "",
            "user_data": "",
            "virtual_machine_id": "115ead60-82f0-4fe0-9402-a4ab55810181",
            "virtual_machine_scale_set_id": "",
            "vtpm_enabled": false,
            "winrm_listener": [
              {
                "certificate_url": "",
                "protocol": "Http"
              }
            ],
            "zone": ""
          },
          "sensitive_attributes": [],
          "private": "eyJlMmJmYjczMC1lY2FhLTExZTYtOGY4OC0zNDM2M2JjN2M0YzAiOnsiY3JlYXRlIjoyNzAwMDAwMDAwMDAwLCJkZWxldGUiOjI3MDAwMDAwMDAwMDAsInJlYWQiOjMwMDAwMDAwMDAwMCwidXBkYXRlIjoyNzAwMDAwMDAwMDAwfX0=",
          "dependencies": [
            "azurerm_availability_set.windows_avs",
            "azurerm_network_interface.linux_nic"
          ]
        },
        {
          "index_key": "lab-web-w-vm2",
          "schema_version": 0,
          "attributes": {
            "additional_capabilities": [],
            "additional_unattend_content": [],
            "admin_password": "Password1010",
            "admin_username": "n01516507",
            "allow_extension_operations": true,
            "availability_set_id": "/subscriptions/18821dae-fb44-44a1-805a-e1edd2ef9b06/resourceGroups/terraformrg/providers/Microsoft.Compute/availabilitySets/WINDOWS_AVS",
            "boot_diagnostics": [],
            "computer_name": "lab-web-w-vm2",
            "custom_data": null,
            "dedicated_host_id": "",
            "enable_automatic_updates": true,
            "encryption_at_host_enabled": false,
            "eviction_policy": "",
            "extensions_time_budget": "PT1H30M",
            "id": "/subscriptions/18821dae-fb44-44a1-805a-e1edd2ef9b06/resourceGroups/terraformrg/providers/Microsoft.Compute/virtualMachines/lab-web-w-vm2",
            "identity": [],
            "license_type": "",
            "location": "canadaeast",
            "max_bid_price": -1,
            "name": "lab-web-w-vm2",
            "network_interface_ids": [
              "/subscriptions/18821dae-fb44-44a1-805a-e1edd2ef9b06/resourceGroups/terraformrg/providers/Microsoft.Network/networkInterfaces/lab-web-w-vm2-nic"
            ],
            "os_disk": [
              {
                "caching": "ReadWrite",
                "diff_disk_settings": [],
                "disk_encryption_set_id": "",
                "disk_size_gb": 127,
                "name": "lab-web-w-vm2-os-disk",
                "storage_account_type": "StandardSSD_LRS",
                "write_accelerator_enabled": false
              }
            ],
            "patch_mode": "AutomaticByOS",
            "plan": [],
            "platform_fault_domain": -1,
            "priority": "Regular",
            "private_ip_address": "10.0.2.5",
            "private_ip_addresses": [
              "10.0.2.5"
            ],
            "provision_vm_agent": true,
            "proximity_placement_group_id": "",
            "public_ip_address": "40.86.246.44",
            "public_ip_addresses": [
              "40.86.246.44"
            ],
            "resource_group_name": "terraformrg",
            "secret": [],
            "secure_boot_enabled": false,
            "size": "Standard_B1s",
            "source_image_id": "",
            "source_image_reference": [
              {
                "offer": "WindowsServer",
                "publisher": "MicrosoftWindowsServer",
                "sku": "2016-Datacenter",
                "version": "latest"
              }
            ],
            "tags": {
              "ContactEmail": "n01516507@humber.ca",
              "Environment": "Lab",
              "Name": "Terraform-Class",
              "project": "Learing"
            },
            "timeouts": null,
            "timezone": "",
            "user_data": "",
            "virtual_machine_id": "56c459f0-3bda-44f7-bbaa-a28c8cd5ada3",
            "virtual_machine_scale_set_id": "",
            "vtpm_enabled": false,
            "winrm_listener": [
              {
                "certificate_url": "",
                "protocol": "Http"
              }
            ],
            "zone": ""
          },
          "sensitive_attributes": [],
          "private": "eyJlMmJmYjczMC1lY2FhLTExZTYtOGY4OC0zNDM2M2JjN2M0YzAiOnsiY3JlYXRlIjoyNzAwMDAwMDAwMDAwLCJkZWxldGUiOjI3MDAwMDAwMDAwMDAsInJlYWQiOjMwMDAwMDAwMDAwMCwidXBkYXRlIjoyNzAwMDAwMDAwMDAwfX0=",
          "dependencies": [
            "azurerm_availability_set.windows_avs",
            "azurerm_network_interface.linux_nic"
          ]
        }
      ]
    }
  ]
}
